// !$*UTF8*$!
{
	archiveVersion = 1;
	classes = {
	};
	objectVersion = 50;
	objects = {

/* Begin PBXBuildFile section */
		320E62C0214350540021BCDF /* AppDelegate.swift in Sources */ = {isa = PBXBuildFile; fileRef = 320E62BF214350540021BCDF /* AppDelegate.swift */; };
		320E62C2214350540021BCDF /* GameScene.sks in Resources */ = {isa = PBXBuildFile; fileRef = 320E62C1214350540021BCDF /* GameScene.sks */; };
		320E62C4214350540021BCDF /* Actions.sks in Resources */ = {isa = PBXBuildFile; fileRef = 320E62C3214350540021BCDF /* Actions.sks */; };
		320E62C6214350540021BCDF /* GameScene.swift in Sources */ = {isa = PBXBuildFile; fileRef = 320E62C5214350540021BCDF /* GameScene.swift */; };
		320E62C8214350540021BCDF /* GameViewController.swift in Sources */ = {isa = PBXBuildFile; fileRef = 320E62C7214350540021BCDF /* GameViewController.swift */; };
		320E62CB214350540021BCDF /* Main.storyboard in Resources */ = {isa = PBXBuildFile; fileRef = 320E62C9214350540021BCDF /* Main.storyboard */; };
		320E62CD214350550021BCDF /* Assets.xcassets in Resources */ = {isa = PBXBuildFile; fileRef = 320E62CC214350550021BCDF /* Assets.xcassets */; };
		320E62D0214350550021BCDF /* LaunchScreen.storyboard in Resources */ = {isa = PBXBuildFile; fileRef = 320E62CE214350550021BCDF /* LaunchScreen.storyboard */; };
		320E62DB214351CE0021BCDF /* ProjectListViewController.swift in Sources */ = {isa = PBXBuildFile; fileRef = 320E62DA214351CE0021BCDF /* ProjectListViewController.swift */; };
		323CE3F121441DF20003A30E /* Edge.swift in Sources */ = {isa = PBXBuildFile; fileRef = 323CE3F021441DF20003A30E /* Edge.swift */; };
		323CE3F321441E5B0003A30E /* Node.swift in Sources */ = {isa = PBXBuildFile; fileRef = 323CE3F221441E5B0003A30E /* Node.swift */; };
		323CE3F5214420270003A30E /* Destructure.swift in Sources */ = {isa = PBXBuildFile; fileRef = 323CE3F4214420270003A30E /* Destructure.swift */; };
		323CE3F7214420E80003A30E /* Definition.swift in Sources */ = {isa = PBXBuildFile; fileRef = 323CE3F6214420E80003A30E /* Definition.swift */; };
		323CE3F9214421880003A30E /* Match.swift in Sources */ = {isa = PBXBuildFile; fileRef = 323CE3F8214421880003A30E /* Match.swift */; };
		323CE3FB2144295A0003A30E /* ViewControllerNavigation.swift in Sources */ = {isa = PBXBuildFile; fileRef = 323CE3FA2144295A0003A30E /* ViewControllerNavigation.swift */; };
		3248A44C214352B300C63AB8 /* Project.swift in Sources */ = {isa = PBXBuildFile; fileRef = 3248A44B214352B300C63AB8 /* Project.swift */; };
		3248A44E214352DC00C63AB8 /* Model.swift in Sources */ = {isa = PBXBuildFile; fileRef = 3248A44D214352DC00C63AB8 /* Model.swift */; };
		3248A4502143530200C63AB8 /* Module.swift in Sources */ = {isa = PBXBuildFile; fileRef = 3248A44F2143530200C63AB8 /* Module.swift */; };
		3248A4522143531200C63AB8 /* Function.swift in Sources */ = {isa = PBXBuildFile; fileRef = 3248A4512143531200C63AB8 /* Function.swift */; };
		3248A4542143534300C63AB8 /* Type.swift in Sources */ = {isa = PBXBuildFile; fileRef = 3248A4532143534300C63AB8 /* Type.swift */; };
		3248A4582143537700C63AB8 /* Struct.swift in Sources */ = {isa = PBXBuildFile; fileRef = 3248A4572143537700C63AB8 /* Struct.swift */; };
		3248A45A2143538E00C63AB8 /* StructField.swift in Sources */ = {isa = PBXBuildFile; fileRef = 3248A4592143538E00C63AB8 /* StructField.swift */; };
		3248A45C214353C600C63AB8 /* Enum.swift in Sources */ = {isa = PBXBuildFile; fileRef = 3248A45B214353C600C63AB8 /* Enum.swift */; };
		3248A45E214353DE00C63AB8 /* EnumCase.swift in Sources */ = {isa = PBXBuildFile; fileRef = 3248A45D214353DE00C63AB8 /* EnumCase.swift */; };
		3248A4622143545500C63AB8 /* Primitive.swift in Sources */ = {isa = PBXBuildFile; fileRef = 3248A4612143545500C63AB8 /* Primitive.swift */; };
		3248A4662143590200C63AB8 /* FunctionCall.swift in Sources */ = {isa = PBXBuildFile; fileRef = 3248A4652143590200C63AB8 /* FunctionCall.swift */; };
		3248A468214359B000C63AB8 /* FunctionType.swift in Sources */ = {isa = PBXBuildFile; fileRef = 3248A467214359B000C63AB8 /* FunctionType.swift */; };
		3248A46A214359D300C63AB8 /* Box.swift in Sources */ = {isa = PBXBuildFile; fileRef = 3248A469214359D300C63AB8 /* Box.swift */; };
		3248A46D21435A5F00C63AB8 /* Constant.swift in Sources */ = {isa = PBXBuildFile; fileRef = 3248A46C21435A5F00C63AB8 /* Constant.swift */; };
		3248A46F21435E6A00C63AB8 /* CompleteASG.swift in Sources */ = {isa = PBXBuildFile; fileRef = 3248A46E21435E6A00C63AB8 /* CompleteASG.swift */; };
		3248A47421435F0100C63AB8 /* Construct.swift in Sources */ = {isa = PBXBuildFile; fileRef = 3248A47321435F0100C63AB8 /* Construct.swift */; };
		3248A47821435F7900C63AB8 /* CaseConstruct.swift in Sources */ = {isa = PBXBuildFile; fileRef = 3248A47721435F7900C63AB8 /* CaseConstruct.swift */; };
		934999149F7C5856C0E7C419 /* Pods_DragDropLanguage.framework in Frameworks */ = {isa = PBXBuildFile; fileRef = D3FA90D05CD22610E3E79B56 /* Pods_DragDropLanguage.framework */; };
/* End PBXBuildFile section */

/* Begin PBXFileReference section */
		320E62BC214350540021BCDF /* DragDropLanguage.app */ = {isa = PBXFileReference; explicitFileType = wrapper.application; includeInIndex = 0; path = DragDropLanguage.app; sourceTree = BUILT_PRODUCTS_DIR; };
		320E62BF214350540021BCDF /* AppDelegate.swift */ = {isa = PBXFileReference; lastKnownFileType = sourcecode.swift; path = AppDelegate.swift; sourceTree = "<group>"; };
		320E62C1214350540021BCDF /* GameScene.sks */ = {isa = PBXFileReference; lastKnownFileType = file.sks; path = GameScene.sks; sourceTree = "<group>"; };
		320E62C3214350540021BCDF /* Actions.sks */ = {isa = PBXFileReference; lastKnownFileType = file.sks; path = Actions.sks; sourceTree = "<group>"; };
		320E62C5214350540021BCDF /* GameScene.swift */ = {isa = PBXFileReference; lastKnownFileType = sourcecode.swift; path = GameScene.swift; sourceTree = "<group>"; };
		320E62C7214350540021BCDF /* GameViewController.swift */ = {isa = PBXFileReference; lastKnownFileType = sourcecode.swift; path = GameViewController.swift; sourceTree = "<group>"; };
		320E62CA214350540021BCDF /* Base */ = {isa = PBXFileReference; lastKnownFileType = file.storyboard; name = Base; path = Base.lproj/Main.storyboard; sourceTree = "<group>"; };
		320E62CC214350550021BCDF /* Assets.xcassets */ = {isa = PBXFileReference; lastKnownFileType = folder.assetcatalog; path = Assets.xcassets; sourceTree = "<group>"; };
		320E62CF214350550021BCDF /* Base */ = {isa = PBXFileReference; lastKnownFileType = file.storyboard; name = Base; path = Base.lproj/LaunchScreen.storyboard; sourceTree = "<group>"; };
		320E62D1214350550021BCDF /* Info.plist */ = {isa = PBXFileReference; lastKnownFileType = text.plist.xml; path = Info.plist; sourceTree = "<group>"; };
		320E62DA214351CE0021BCDF /* ProjectListViewController.swift */ = {isa = PBXFileReference; lastKnownFileType = sourcecode.swift; path = ProjectListViewController.swift; sourceTree = "<group>"; };
		323CE3F021441DF20003A30E /* Edge.swift */ = {isa = PBXFileReference; lastKnownFileType = sourcecode.swift; path = Edge.swift; sourceTree = "<group>"; };
		323CE3F221441E5B0003A30E /* Node.swift */ = {isa = PBXFileReference; lastKnownFileType = sourcecode.swift; path = Node.swift; sourceTree = "<group>"; };
		323CE3F4214420270003A30E /* Destructure.swift */ = {isa = PBXFileReference; lastKnownFileType = sourcecode.swift; path = Destructure.swift; sourceTree = "<group>"; };
		323CE3F6214420E80003A30E /* Definition.swift */ = {isa = PBXFileReference; lastKnownFileType = sourcecode.swift; path = Definition.swift; sourceTree = "<group>"; };
		323CE3F8214421880003A30E /* Match.swift */ = {isa = PBXFileReference; lastKnownFileType = sourcecode.swift; path = Match.swift; sourceTree = "<group>"; };
		323CE3FA2144295A0003A30E /* ViewControllerNavigation.swift */ = {isa = PBXFileReference; lastKnownFileType = sourcecode.swift; path = ViewControllerNavigation.swift; sourceTree = "<group>"; };
		3248A44B214352B300C63AB8 /* Project.swift */ = {isa = PBXFileReference; lastKnownFileType = sourcecode.swift; path = Project.swift; sourceTree = "<group>"; };
		3248A44D214352DC00C63AB8 /* Model.swift */ = {isa = PBXFileReference; lastKnownFileType = sourcecode.swift; path = Model.swift; sourceTree = "<group>"; };
		3248A44F2143530200C63AB8 /* Module.swift */ = {isa = PBXFileReference; lastKnownFileType = sourcecode.swift; path = Module.swift; sourceTree = "<group>"; };
		3248A4512143531200C63AB8 /* Function.swift */ = {isa = PBXFileReference; lastKnownFileType = sourcecode.swift; path = Function.swift; sourceTree = "<group>"; };
		3248A4532143534300C63AB8 /* Type.swift */ = {isa = PBXFileReference; lastKnownFileType = sourcecode.swift; path = Type.swift; sourceTree = "<group>"; };
		3248A4572143537700C63AB8 /* Struct.swift */ = {isa = PBXFileReference; lastKnownFileType = sourcecode.swift; path = Struct.swift; sourceTree = "<group>"; };
		3248A4592143538E00C63AB8 /* StructField.swift */ = {isa = PBXFileReference; lastKnownFileType = sourcecode.swift; path = StructField.swift; sourceTree = "<group>"; };
		3248A45B214353C600C63AB8 /* Enum.swift */ = {isa = PBXFileReference; lastKnownFileType = sourcecode.swift; path = Enum.swift; sourceTree = "<group>"; };
		3248A45D214353DE00C63AB8 /* EnumCase.swift */ = {isa = PBXFileReference; lastKnownFileType = sourcecode.swift; path = EnumCase.swift; sourceTree = "<group>"; };
		3248A4612143545500C63AB8 /* Primitive.swift */ = {isa = PBXFileReference; lastKnownFileType = sourcecode.swift; path = Primitive.swift; sourceTree = "<group>"; };
		3248A4652143590200C63AB8 /* FunctionCall.swift */ = {isa = PBXFileReference; lastKnownFileType = sourcecode.swift; path = FunctionCall.swift; sourceTree = "<group>"; };
		3248A467214359B000C63AB8 /* FunctionType.swift */ = {isa = PBXFileReference; lastKnownFileType = sourcecode.swift; path = FunctionType.swift; sourceTree = "<group>"; };
		3248A469214359D300C63AB8 /* Box.swift */ = {isa = PBXFileReference; lastKnownFileType = sourcecode.swift; path = Box.swift; sourceTree = "<group>"; };
		3248A46C21435A5F00C63AB8 /* Constant.swift */ = {isa = PBXFileReference; lastKnownFileType = sourcecode.swift; path = Constant.swift; sourceTree = "<group>"; };
		3248A46E21435E6A00C63AB8 /* CompleteASG.swift */ = {isa = PBXFileReference; lastKnownFileType = sourcecode.swift; path = CompleteASG.swift; sourceTree = "<group>"; };
		3248A47321435F0100C63AB8 /* Construct.swift */ = {isa = PBXFileReference; lastKnownFileType = sourcecode.swift; path = Construct.swift; sourceTree = "<group>"; };
		3248A47721435F7900C63AB8 /* CaseConstruct.swift */ = {isa = PBXFileReference; lastKnownFileType = sourcecode.swift; path = CaseConstruct.swift; sourceTree = "<group>"; };
		C39468DB5499EF7931E8DB21 /* Pods-DragDropLanguage.release.xcconfig */ = {isa = PBXFileReference; includeInIndex = 1; lastKnownFileType = text.xcconfig; name = "Pods-DragDropLanguage.release.xcconfig"; path = "Pods/Target Support Files/Pods-DragDropLanguage/Pods-DragDropLanguage.release.xcconfig"; sourceTree = "<group>"; };
		CCE4C2A7F6ED6EEB0B711582 /* Pods-DragDropLanguage.debug.xcconfig */ = {isa = PBXFileReference; includeInIndex = 1; lastKnownFileType = text.xcconfig; name = "Pods-DragDropLanguage.debug.xcconfig"; path = "Pods/Target Support Files/Pods-DragDropLanguage/Pods-DragDropLanguage.debug.xcconfig"; sourceTree = "<group>"; };
		D3FA90D05CD22610E3E79B56 /* Pods_DragDropLanguage.framework */ = {isa = PBXFileReference; explicitFileType = wrapper.framework; includeInIndex = 0; path = Pods_DragDropLanguage.framework; sourceTree = BUILT_PRODUCTS_DIR; };
/* End PBXFileReference section */

/* Begin PBXFrameworksBuildPhase section */
		320E62B9214350540021BCDF /* Frameworks */ = {
			isa = PBXFrameworksBuildPhase;
			buildActionMask = 2147483647;
			files = (
				934999149F7C5856C0E7C419 /* Pods_DragDropLanguage.framework in Frameworks */,
			);
			runOnlyForDeploymentPostprocessing = 0;
		};
/* End PBXFrameworksBuildPhase section */

/* Begin PBXGroup section */
		320E62B3214350540021BCDF = {
			isa = PBXGroup;
			children = (
				320E62BE214350540021BCDF /* DragDropLanguage */,
				320E62BD214350540021BCDF /* Products */,
				E438D02F3FC9DB793CBAD5FE /* Pods */,
				533459186B41F26CCF4FB35D /* Frameworks */,
			);
			sourceTree = "<group>";
		};
		320E62BD214350540021BCDF /* Products */ = {
			isa = PBXGroup;
			children = (
				320E62BC214350540021BCDF /* DragDropLanguage.app */,
			);
			name = Products;
			sourceTree = "<group>";
		};
		320E62BE214350540021BCDF /* DragDropLanguage */ = {
			isa = PBXGroup;
			children = (
				3248A44A214352AA00C63AB8 /* Model */,
				3248A46B214359DB00C63AB8 /* Util */,
				320E62D9214351B30021BCDF /* Scenes */,
				320E62D8214351A30021BCDF /* Storyboard */,
				320E62BF214350540021BCDF /* AppDelegate.swift */,
				320E62CC214350550021BCDF /* Assets.xcassets */,
				320E62D1214350550021BCDF /* Info.plist */,
			);
			path = DragDropLanguage;
			sourceTree = "<group>";
		};
		320E62D7214351940021BCDF /* Editor */ = {
			isa = PBXGroup;
			children = (
				320E62C3214350540021BCDF /* Actions.sks */,
				320E62C1214350540021BCDF /* GameScene.sks */,
				320E62C7214350540021BCDF /* GameViewController.swift */,
				320E62C5214350540021BCDF /* GameScene.swift */,
			);
			path = Editor;
			sourceTree = "<group>";
		};
		320E62D8214351A30021BCDF /* Storyboard */ = {
			isa = PBXGroup;
			children = (
				320E62CE214350550021BCDF /* LaunchScreen.storyboard */,
				320E62C9214350540021BCDF /* Main.storyboard */,
			);
			path = Storyboard;
			sourceTree = "<group>";
		};
		320E62D9214351B30021BCDF /* Scenes */ = {
			isa = PBXGroup;
			children = (
				320E62D7214351940021BCDF /* Editor */,
				320E62DA214351CE0021BCDF /* ProjectListViewController.swift */,
			);
			path = Scenes;
			sourceTree = "<group>";
		};
		3248A44A214352AA00C63AB8 /* Model */ = {
			isa = PBXGroup;
			children = (
				3248A44D214352DC00C63AB8 /* Model.swift */,
				3248A44B214352B300C63AB8 /* Project.swift */,
				3248A44F2143530200C63AB8 /* Module.swift */,
				3248A4532143534300C63AB8 /* Type.swift */,
				3248A45B214353C600C63AB8 /* Enum.swift */,
				3248A45D214353DE00C63AB8 /* EnumCase.swift */,
				3248A4572143537700C63AB8 /* Struct.swift */,
				3248A4592143538E00C63AB8 /* StructField.swift */,
				3248A4612143545500C63AB8 /* Primitive.swift */,
				3248A4512143531200C63AB8 /* Function.swift */,
				3248A467214359B000C63AB8 /* FunctionType.swift */,
				3248A47221435E8E00C63AB8 /* ASG */,
			);
			path = Model;
			sourceTree = "<group>";
		};
		3248A46B214359DB00C63AB8 /* Util */ = {
			isa = PBXGroup;
			children = (
				3248A469214359D300C63AB8 /* Box.swift */,
				323CE3FA2144295A0003A30E /* ViewControllerNavigation.swift */,
			);
			path = Util;
			sourceTree = "<group>";
		};
		3248A47221435E8E00C63AB8 /* ASG */ = {
			isa = PBXGroup;
			children = (
				3248A46C21435A5F00C63AB8 /* Constant.swift */,
				3248A46E21435E6A00C63AB8 /* CompleteASG.swift */,
				323CE3F221441E5B0003A30E /* Node.swift */,
				3248A47321435F0100C63AB8 /* Construct.swift */,
				3248A47721435F7900C63AB8 /* CaseConstruct.swift */,
				323CE3F8214421880003A30E /* Match.swift */,
				323CE3F6214420E80003A30E /* Definition.swift */,
				323CE3F4214420270003A30E /* Destructure.swift */,
				3248A4652143590200C63AB8 /* FunctionCall.swift */,
				323CE3F021441DF20003A30E /* Edge.swift */,
			);
			path = ASG;
			sourceTree = "<group>";
		};
		533459186B41F26CCF4FB35D /* Frameworks */ = {
			isa = PBXGroup;
			children = (
				D3FA90D05CD22610E3E79B56 /* Pods_DragDropLanguage.framework */,
			);
			name = Frameworks;
			sourceTree = "<group>";
		};
		E438D02F3FC9DB793CBAD5FE /* Pods */ = {
			isa = PBXGroup;
			children = (
				CCE4C2A7F6ED6EEB0B711582 /* Pods-DragDropLanguage.debug.xcconfig */,
				C39468DB5499EF7931E8DB21 /* Pods-DragDropLanguage.release.xcconfig */,
			);
			name = Pods;
			sourceTree = "<group>";
		};
/* End PBXGroup section */

/* Begin PBXNativeTarget section */
		320E62BB214350540021BCDF /* DragDropLanguage */ = {
			isa = PBXNativeTarget;
			buildConfigurationList = 320E62D4214350550021BCDF /* Build configuration list for PBXNativeTarget "DragDropLanguage" */;
			buildPhases = (
				AC8D89939D9AEC3BA8C2BE3C /* [CP] Check Pods Manifest.lock */,
				320E62B8214350540021BCDF /* Sources */,
				320E62B9214350540021BCDF /* Frameworks */,
				320E62BA214350540021BCDF /* Resources */,
			);
			buildRules = (
			);
			dependencies = (
			);
			name = DragDropLanguage;
			productName = DragDropLanguage;
			productReference = 320E62BC214350540021BCDF /* DragDropLanguage.app */;
			productType = "com.apple.product-type.application";
		};
/* End PBXNativeTarget section */

/* Begin PBXProject section */
		320E62B4214350540021BCDF /* Project object */ = {
			isa = PBXProject;
			attributes = {
				LastSwiftUpdateCheck = 0940;
				LastUpgradeCheck = 0940;
				ORGANIZATIONNAME = "Cameron Eldridge";
				TargetAttributes = {
					320E62BB214350540021BCDF = {
						CreatedOnToolsVersion = 9.4.1;
					};
				};
			};
			buildConfigurationList = 320E62B7214350540021BCDF /* Build configuration list for PBXProject "DragDropLanguage" */;
			compatibilityVersion = "Xcode 9.3";
			developmentRegion = en;
			hasScannedForEncodings = 0;
			knownRegions = (
				en,
				Base,
			);
			mainGroup = 320E62B3214350540021BCDF;
			productRefGroup = 320E62BD214350540021BCDF /* Products */;
			projectDirPath = "";
			projectRoot = "";
			targets = (
				320E62BB214350540021BCDF /* DragDropLanguage */,
			);
		};
/* End PBXProject section */

/* Begin PBXResourcesBuildPhase section */
		320E62BA214350540021BCDF /* Resources */ = {
			isa = PBXResourcesBuildPhase;
			buildActionMask = 2147483647;
			files = (
				320E62CB214350540021BCDF /* Main.storyboard in Resources */,
				320E62C2214350540021BCDF /* GameScene.sks in Resources */,
				320E62CD214350550021BCDF /* Assets.xcassets in Resources */,
				320E62D0214350550021BCDF /* LaunchScreen.storyboard in Resources */,
				320E62C4214350540021BCDF /* Actions.sks in Resources */,
			);
			runOnlyForDeploymentPostprocessing = 0;
		};
/* End PBXResourcesBuildPhase section */

/* Begin PBXShellScriptBuildPhase section */
		AC8D89939D9AEC3BA8C2BE3C /* [CP] Check Pods Manifest.lock */ = {
			isa = PBXShellScriptBuildPhase;
			buildActionMask = 2147483647;
			files = (
			);
			inputPaths = (
				"${PODS_PODFILE_DIR_PATH}/Podfile.lock",
				"${PODS_ROOT}/Manifest.lock",
			);
			name = "[CP] Check Pods Manifest.lock";
			outputPaths = (
				"$(DERIVED_FILE_DIR)/Pods-DragDropLanguage-checkManifestLockResult.txt",
			);
			runOnlyForDeploymentPostprocessing = 0;
			shellPath = /bin/sh;
			shellScript = "diff \"${PODS_PODFILE_DIR_PATH}/Podfile.lock\" \"${PODS_ROOT}/Manifest.lock\" > /dev/null\nif [ $? != 0 ] ; then\n    # print error to STDERR\n    echo \"error: The sandbox is not in sync with the Podfile.lock. Run 'pod install' or update your CocoaPods installation.\" >&2\n    exit 1\nfi\n# This output is used by Xcode 'outputs' to avoid re-running this script phase.\necho \"SUCCESS\" > \"${SCRIPT_OUTPUT_FILE_0}\"\n";
			showEnvVarsInLog = 0;
		};
/* End PBXShellScriptBuildPhase section */

/* Begin PBXSourcesBuildPhase section */
		320E62B8214350540021BCDF /* Sources */ = {
			isa = PBXSourcesBuildPhase;
			buildActionMask = 2147483647;
			files = (
				323CE3FB2144295A0003A30E /* ViewControllerNavigation.swift in Sources */,
				320E62DB214351CE0021BCDF /* ProjectListViewController.swift in Sources */,
				323CE3F321441E5B0003A30E /* Node.swift in Sources */,
				320E62C6214350540021BCDF /* GameScene.swift in Sources */,
				323CE3F121441DF20003A30E /* Edge.swift in Sources */,
				3248A45C214353C600C63AB8 /* Enum.swift in Sources */,
				320E62C8214350540021BCDF /* GameViewController.swift in Sources */,
				3248A4622143545500C63AB8 /* Primitive.swift in Sources */,
				3248A46F21435E6A00C63AB8 /* CompleteASG.swift in Sources */,
				3248A47821435F7900C63AB8 /* CaseConstruct.swift in Sources */,
				323CE3F9214421880003A30E /* Match.swift in Sources */,
				3248A44E214352DC00C63AB8 /* Model.swift in Sources */,
				3248A45A2143538E00C63AB8 /* StructField.swift in Sources */,
				3248A4502143530200C63AB8 /* Module.swift in Sources */,
				3248A44C214352B300C63AB8 /* Project.swift in Sources */,
				3248A46A214359D300C63AB8 /* Box.swift in Sources */,
				320E62C0214350540021BCDF /* AppDelegate.swift in Sources */,
				3248A45E214353DE00C63AB8 /* EnumCase.swift in Sources */,
				3248A4522143531200C63AB8 /* Function.swift in Sources */,
				323CE3F7214420E80003A30E /* Definition.swift in Sources */,
				3248A468214359B000C63AB8 /* FunctionType.swift in Sources */,
				3248A46D21435A5F00C63AB8 /* Constant.swift in Sources */,
				3248A4542143534300C63AB8 /* Type.swift in Sources */,
				3248A47421435F0100C63AB8 /* Construct.swift in Sources */,
				3248A4582143537700C63AB8 /* Struct.swift in Sources */,
				3248A4662143590200C63AB8 /* FunctionCall.swift in Sources */,
				323CE3F5214420270003A30E /* Destructure.swift in Sources */,
			);
			runOnlyForDeploymentPostprocessing = 0;
		};
/* End PBXSourcesBuildPhase section */

/* Begin PBXVariantGroup section */
		320E62C9214350540021BCDF /* Main.storyboard */ = {
			isa = PBXVariantGroup;
			children = (
				320E62CA214350540021BCDF /* Base */,
			);
			name = Main.storyboard;
			sourceTree = "<group>";
		};
		320E62CE214350550021BCDF /* LaunchScreen.storyboard */ = {
			isa = PBXVariantGroup;
			children = (
				320E62CF214350550021BCDF /* Base */,
			);
			name = LaunchScreen.storyboard;
			sourceTree = "<group>";
		};
/* End PBXVariantGroup section */

/* Begin XCBuildConfiguration section */
		320E62D2214350550021BCDF /* Debug */ = {
			isa = XCBuildConfiguration;
			buildSettings = {
				ALWAYS_SEARCH_USER_PATHS = NO;
				CLANG_ANALYZER_NONNULL = YES;
				CLANG_ANALYZER_NUMBER_OBJECT_CONVERSION = YES_AGGRESSIVE;
				CLANG_CXX_LANGUAGE_STANDARD = "gnu++14";
				CLANG_CXX_LIBRARY = "libc++";
				CLANG_ENABLE_MODULES = YES;
				CLANG_ENABLE_OBJC_ARC = YES;
				CLANG_ENABLE_OBJC_WEAK = YES;
				CLANG_WARN_BLOCK_CAPTURE_AUTORELEASING = YES;
				CLANG_WARN_BOOL_CONVERSION = YES;
				CLANG_WARN_COMMA = YES;
				CLANG_WARN_CONSTANT_CONVERSION = YES;
				CLANG_WARN_DEPRECATED_OBJC_IMPLEMENTATIONS = YES;
				CLANG_WARN_DIRECT_OBJC_ISA_USAGE = YES_ERROR;
				CLANG_WARN_DOCUMENTATION_COMMENTS = YES;
				CLANG_WARN_EMPTY_BODY = YES;
				CLANG_WARN_ENUM_CONVERSION = YES;
				CLANG_WARN_INFINITE_RECURSION = YES;
				CLANG_WARN_INT_CONVERSION = YES;
				CLANG_WARN_NON_LITERAL_NULL_CONVERSION = YES;
				CLANG_WARN_OBJC_IMPLICIT_RETAIN_SELF = YES;
				CLANG_WARN_OBJC_LITERAL_CONVERSION = YES;
				CLANG_WARN_OBJC_ROOT_CLASS = YES_ERROR;
				CLANG_WARN_RANGE_LOOP_ANALYSIS = YES;
				CLANG_WARN_STRICT_PROTOTYPES = YES;
				CLANG_WARN_SUSPICIOUS_MOVE = YES;
				CLANG_WARN_UNGUARDED_AVAILABILITY = YES_AGGRESSIVE;
				CLANG_WARN_UNREACHABLE_CODE = YES;
				CLANG_WARN__DUPLICATE_METHOD_MATCH = YES;
				CODE_SIGN_IDENTITY = "iPhone Developer";
				COPY_PHASE_STRIP = NO;
				DEBUG_INFORMATION_FORMAT = dwarf;
				ENABLE_STRICT_OBJC_MSGSEND = YES;
				ENABLE_TESTABILITY = YES;
				GCC_C_LANGUAGE_STANDARD = gnu11;
				GCC_DYNAMIC_NO_PIC = NO;
				GCC_NO_COMMON_BLOCKS = YES;
				GCC_OPTIMIZATION_LEVEL = 0;
				GCC_PREPROCESSOR_DEFINITIONS = (
					"DEBUG=1",
					"$(inherited)",
				);
				GCC_WARN_64_TO_32_BIT_CONVERSION = YES;
				GCC_WARN_ABOUT_RETURN_TYPE = YES_ERROR;
				GCC_WARN_UNDECLARED_SELECTOR = YES;
				GCC_WARN_UNINITIALIZED_AUTOS = YES_AGGRESSIVE;
				GCC_WARN_UNUSED_FUNCTION = YES;
				GCC_WARN_UNUSED_VARIABLE = YES;
				IPHONEOS_DEPLOYMENT_TARGET = 11.4;
				MTL_ENABLE_DEBUG_INFO = YES;
				ONLY_ACTIVE_ARCH = YES;
				SDKROOT = iphoneos;
				SWIFT_ACTIVE_COMPILATION_CONDITIONS = DEBUG;
				SWIFT_OPTIMIZATION_LEVEL = "-Onone";
			};
			name = Debug;
		};
		320E62D3214350550021BCDF /* Release */ = {
			isa = XCBuildConfiguration;
			buildSettings = {
				ALWAYS_SEARCH_USER_PATHS = NO;
				CLANG_ANALYZER_NONNULL = YES;
				CLANG_ANALYZER_NUMBER_OBJECT_CONVERSION = YES_AGGRESSIVE;
				CLANG_CXX_LANGUAGE_STANDARD = "gnu++14";
				CLANG_CXX_LIBRARY = "libc++";
				CLANG_ENABLE_MODULES = YES;
				CLANG_ENABLE_OBJC_ARC = YES;
				CLANG_ENABLE_OBJC_WEAK = YES;
				CLANG_WARN_BLOCK_CAPTURE_AUTORELEASING = YES;
				CLANG_WARN_BOOL_CONVERSION = YES;
				CLANG_WARN_COMMA = YES;
				CLANG_WARN_CONSTANT_CONVERSION = YES;
				CLANG_WARN_DEPRECATED_OBJC_IMPLEMENTATIONS = YES;
				CLANG_WARN_DIRECT_OBJC_ISA_USAGE = YES_ERROR;
				CLANG_WARN_DOCUMENTATION_COMMENTS = YES;
				CLANG_WARN_EMPTY_BODY = YES;
				CLANG_WARN_ENUM_CONVERSION = YES;
				CLANG_WARN_INFINITE_RECURSION = YES;
				CLANG_WARN_INT_CONVERSION = YES;
				CLANG_WARN_NON_LITERAL_NULL_CONVERSION = YES;
				CLANG_WARN_OBJC_IMPLICIT_RETAIN_SELF = YES;
				CLANG_WARN_OBJC_LITERAL_CONVERSION = YES;
				CLANG_WARN_OBJC_ROOT_CLASS = YES_ERROR;
				CLANG_WARN_RANGE_LOOP_ANALYSIS = YES;
				CLANG_WARN_STRICT_PROTOTYPES = YES;
				CLANG_WARN_SUSPICIOUS_MOVE = YES;
				CLANG_WARN_UNGUARDED_AVAILABILITY = YES_AGGRESSIVE;
				CLANG_WARN_UNREACHABLE_CODE = YES;
				CLANG_WARN__DUPLICATE_METHOD_MATCH = YES;
				CODE_SIGN_IDENTITY = "iPhone Developer";
				COPY_PHASE_STRIP = NO;
				DEBUG_INFORMATION_FORMAT = "dwarf-with-dsym";
				ENABLE_NS_ASSERTIONS = NO;
				ENABLE_STRICT_OBJC_MSGSEND = YES;
				GCC_C_LANGUAGE_STANDARD = gnu11;
				GCC_NO_COMMON_BLOCKS = YES;
				GCC_WARN_64_TO_32_BIT_CONVERSION = YES;
				GCC_WARN_ABOUT_RETURN_TYPE = YES_ERROR;
				GCC_WARN_UNDECLARED_SELECTOR = YES;
				GCC_WARN_UNINITIALIZED_AUTOS = YES_AGGRESSIVE;
				GCC_WARN_UNUSED_FUNCTION = YES;
				GCC_WARN_UNUSED_VARIABLE = YES;
				IPHONEOS_DEPLOYMENT_TARGET = 11.4;
				MTL_ENABLE_DEBUG_INFO = NO;
				SDKROOT = iphoneos;
				SWIFT_COMPILATION_MODE = wholemodule;
				SWIFT_OPTIMIZATION_LEVEL = "-O";
				VALIDATE_PRODUCT = YES;
			};
			name = Release;
		};
		320E62D5214350550021BCDF /* Debug */ = {
			isa = XCBuildConfiguration;
			baseConfigurationReference = CCE4C2A7F6ED6EEB0B711582 /* Pods-DragDropLanguage.debug.xcconfig */;
			buildSettings = {
				ASSETCATALOG_COMPILER_APPICON_NAME = AppIcon;
				CODE_SIGN_STYLE = Automatic;
				DEVELOPMENT_TEAM = KT5TYPEMWT;
				INFOPLIST_FILE = DragDropLanguage/Info.plist;
				LD_RUNPATH_SEARCH_PATHS = (
					"$(inherited)",
					"@executable_path/Frameworks",
				);
				PRODUCT_BUNDLE_IDENTIFIER = com.cameldridge.DragDropLanguage;
				PRODUCT_NAME = "$(TARGET_NAME)";
				SWIFT_VERSION = 4.0;
				TARGETED_DEVICE_FAMILY = "1,2";
			};
			name = Debug;
		};
		320E62D6214350550021BCDF /* Release */ = {
			isa = XCBuildConfiguration;
			baseConfigurationReference = C39468DB5499EF7931E8DB21 /* Pods-DragDropLanguage.release.xcconfig */;
			buildSettings = {
				ASSETCATALOG_COMPILER_APPICON_NAME = AppIcon;
				CODE_SIGN_STYLE = Automatic;
				DEVELOPMENT_TEAM = KT5TYPEMWT;
				INFOPLIST_FILE = DragDropLanguage/Info.plist;
				LD_RUNPATH_SEARCH_PATHS = (
					"$(inherited)",
					"@executable_path/Frameworks",
				);
				PRODUCT_BUNDLE_IDENTIFIER = com.cameldridge.DragDropLanguage;
				PRODUCT_NAME = "$(TARGET_NAME)";
				SWIFT_VERSION = 4.0;
				TARGETED_DEVICE_FAMILY = "1,2";
			};
			name = Release;
		};
/* End XCBuildConfiguration section */

/* Begin XCConfigurationList section */
		320E62B7214350540021BCDF /* Build configuration list for PBXProject "DragDropLanguage" */ = {
			isa = XCConfigurationList;
			buildConfigurations = (
				320E62D2214350550021BCDF /* Debug */,
				320E62D3214350550021BCDF /* Release */,
			);
			defaultConfigurationIsVisible = 0;
			defaultConfigurationName = Release;
		};
		320E62D4214350550021BCDF /* Build configuration list for PBXNativeTarget "DragDropLanguage" */ = {
			isa = XCConfigurationList;
			buildConfigurations = (
				320E62D5214350550021BCDF /* Debug */,
				320E62D6214350550021BCDF /* Release */,
			);
			defaultConfigurationIsVisible = 0;
			defaultConfigurationName = Release;
		};
/* End XCConfigurationList section */
	};
	rootObject = 320E62B4214350540021BCDF /* Project object */;
}
